<?xml version="1.0" encoding="utf-8"?>
<Project ToolsVersion="4.0" xmlns="http://schemas.microsoft.com/developer/msbuild/2003">
  <ItemGroup>
    <ClCompile Include="main.cpp" />
    <ClCompile Include="tiny_obj_loader.cc">
      <Filter>RayEngine\Scene\TinyObjLoader</Filter>
    </ClCompile>
    <ClCompile Include="object.cpp">
      <Filter>RayEngine\Scene</Filter>
    </ClCompile>
    <ClCompile Include="embree_handler.cpp">
      <Filter>RayEngine\Embree</Filter>
    </ClCompile>
    <ClCompile Include="optix_handler.cpp">
      <Filter>RayEngine\OptiX</Filter>
    </ClCompile>
    <ClCompile Include="rayengine.cpp">
      <Filter>RayEngine</Filter>
    </ClCompile>
    <ClCompile Include="window.cpp">
      <Filter>RayEngine</Filter>
    </ClCompile>
    <ClCompile Include="scene.cpp">
      <Filter>RayEngine\Scene</Filter>
    </ClCompile>
    <ClCompile Include="material.cpp">
      <Filter>RayEngine\Scene</Filter>
    </ClCompile>
    <ClCompile Include="shader.cpp">
      <Filter>RayEngine\OpenGL</Filter>
    </ClCompile>
    <ClCompile Include="font.cpp">
      <Filter>RayEngine\OpenGL</Filter>
    </ClCompile>
    <ClCompile Include="input.cpp">
      <Filter>RayEngine</Filter>
    </ClCompile>
    <ClCompile Include="camera.cpp">
      <Filter>RayEngine\Scene</Filter>
    </ClCompile>
    <ClCompile Include="triangle_mesh.cpp">
      <Filter>RayEngine\Scene</Filter>
    </ClCompile>
    <ClCompile Include="image.cpp">
      <Filter>RayEngine\Data</Filter>
    </ClCompile>
    <ClCompile Include="light.cpp">
      <Filter>RayEngine\Scene</Filter>
    </ClCompile>
    <ClCompile Include="shader_setup.cpp">
      <Filter>RayEngine\OpenGL</Filter>
    </ClCompile>
    <ClCompile Include="embree_render.cpp">
      <Filter>RayEngine\Embree</Filter>
    </ClCompile>
    <ClCompile Include="optix_render.cpp">
      <Filter>RayEngine\OptiX</Filter>
    </ClCompile>
    <ClCompile Include="opengl_render.cpp">
      <Filter>RayEngine\OpenGL</Filter>
    </ClCompile>
    <ClCompile Include="hybrid_render.cpp">
      <Filter>RayEngine\Hybrid</Filter>
    </ClCompile>
    <ClCompile Include="embree_render_trace.cpp">
      <Filter>RayEngine\Embree</Filter>
    </ClCompile>
    <ClCompile Include="embree_render_fire.cpp">
      <Filter>RayEngine\Embree</Filter>
    </ClCompile>
  </ItemGroup>
  <ItemGroup>
    <ClInclude Include="color.h">
      <Filter>RayEngine\Data</Filter>
    </ClInclude>
    <ClInclude Include="vec3.h">
      <Filter>RayEngine\Data</Filter>
    </ClInclude>
    <ClInclude Include="tiny_obj_loader.h">
      <Filter>RayEngine\Scene\TinyObjLoader</Filter>
    </ClInclude>
    <ClInclude Include="vec2.h">
      <Filter>RayEngine\Data</Filter>
    </ClInclude>
    <ClInclude Include="camera.h">
      <Filter>RayEngine\Scene</Filter>
    </ClInclude>
    <ClInclude Include="geometry.h">
      <Filter>RayEngine\Scene</Filter>
    </ClInclude>
    <ClInclude Include="object.h">
      <Filter>RayEngine\Scene</Filter>
    </ClInclude>
    <ClInclude Include="material.h">
      <Filter>RayEngine\Scene</Filter>
    </ClInclude>
    <ClInclude Include="triangle_mesh.h">
      <Filter>RayEngine\Scene</Filter>
    </ClInclude>
    <ClInclude Include="light.h">
      <Filter>RayEngine\Scene</Filter>
    </ClInclude>
    <ClInclude Include="mat4x4.h">
      <Filter>RayEngine\Data</Filter>
    </ClInclude>
    <ClInclude Include="common.h">
      <Filter>RayEngine</Filter>
    </ClInclude>
    <ClInclude Include="window.h">
      <Filter>RayEngine</Filter>
    </ClInclude>
    <ClInclude Include="scene.h">
      <Filter>RayEngine\Scene</Filter>
    </ClInclude>
    <ClInclude Include="rayengine.h">
      <Filter>RayEngine</Filter>
    </ClInclude>
    <ClInclude Include="shader.h">
      <Filter>RayEngine\OpenGL</Filter>
    </ClInclude>
    <ClInclude Include="font.h">
      <Filter>RayEngine\OpenGL</Filter>
    </ClInclude>
    <ClInclude Include="common.cuh">
      <Filter>RayEngine\OptiX\CUDA</Filter>
    </ClInclude>
    <ClInclude Include="settings.h">
      <Filter>RayEngine</Filter>
    </ClInclude>
    <ClInclude Include="image.h">
      <Filter>RayEngine\Data</Filter>
    </ClInclude>
  </ItemGroup>
  <ItemGroup>
    <Filter Include="RayEngine">
      <UniqueIdentifier>{aa2332fe-722c-4f23-bf0e-94447a6b07e7}</UniqueIdentifier>
    </Filter>
    <Filter Include="RayEngine\Embree">
      <UniqueIdentifier>{2184a981-3945-4409-a294-c0365900ecaa}</UniqueIdentifier>
    </Filter>
    <Filter Include="RayEngine\OptiX">
      <UniqueIdentifier>{a33cba2b-6159-47aa-b30d-e835b0bb151b}</UniqueIdentifier>
    </Filter>
    <Filter Include="RayEngine\OptiX\CUDA">
      <UniqueIdentifier>{98347d07-07d4-4e92-847b-4e232c0c4610}</UniqueIdentifier>
    </Filter>
    <Filter Include="RayEngine\Data">
      <UniqueIdentifier>{0983e3db-5867-485b-baf5-9927c2a71d15}</UniqueIdentifier>
    </Filter>
    <Filter Include="RayEngine\Scene">
      <UniqueIdentifier>{a108bd94-9742-4aa9-a251-1a4801e40493}</UniqueIdentifier>
    </Filter>
    <Filter Include="RayEngine\OpenGL">
      <UniqueIdentifier>{92fbfd7f-d676-4f98-9e75-141016f51b74}</UniqueIdentifier>
    </Filter>
    <Filter Include="RayEngine\OpenGL\Shaders">
      <UniqueIdentifier>{0b5171b9-29c4-442a-8dc7-18c52bc6d1fe}</UniqueIdentifier>
    </Filter>
    <Filter Include="RayEngine\Scene\TinyObjLoader">
      <UniqueIdentifier>{6be24712-5a84-460f-be8f-dff61e3d7897}</UniqueIdentifier>
    </Filter>
    <Filter Include="RayEngine\Hybrid">
      <UniqueIdentifier>{71ce7c32-0ce4-403f-bda8-e9b765b2ba71}</UniqueIdentifier>
    </Filter>
  </ItemGroup>
  <ItemGroup>
    <None Include="normals.fshader">
      <Filter>RayEngine\OpenGL\Shaders</Filter>
    </None>
    <None Include="normals.vshader">
      <Filter>RayEngine\OpenGL\Shaders</Filter>
    </None>
    <None Include="texture.fshader">
      <Filter>RayEngine\OpenGL\Shaders</Filter>
    </None>
    <None Include="texture.vshader">
      <Filter>RayEngine\OpenGL\Shaders</Filter>
    </None>
    <None Include="phong.fshader">
      <Filter>RayEngine\OpenGL\Shaders</Filter>
    </None>
    <None Include="phong.vshader">
      <Filter>RayEngine\OpenGL\Shaders</Filter>
    </None>
    <None Include="color.vshader">
      <Filter>RayEngine\OpenGL\Shaders</Filter>
    </None>
    <None Include="color.fshader">
      <Filter>RayEngine\OpenGL\Shaders</Filter>
    </None>
  </ItemGroup>
  <ItemGroup>
    <CudaCompile Include="miss_program.cu">
      <Filter>RayEngine\OptiX\CUDA</Filter>
    </CudaCompile>
    <CudaCompile Include="camera_program.cu">
      <Filter>RayEngine\OptiX\CUDA</Filter>
    </CudaCompile>
    <CudaCompile Include="triangle_mesh_program.cu">
      <Filter>RayEngine\OptiX\CUDA</Filter>
    </CudaCompile>
    <CudaCompile Include="material_program.cu">
      <Filter>RayEngine\OptiX\CUDA</Filter>
    </CudaCompile>
  </ItemGroup>
</Project>