<?xml version="1.0" encoding="utf-8"?>
<Project ToolsVersion="4.0" xmlns="http://schemas.microsoft.com/developer/msbuild/2003">
  <ItemGroup>
    <ClCompile Include="main.cpp" />
    <ClCompile Include="tiny_obj_loader.cc">
      <Filter>RayEngine\TinyObjLoader</Filter>
    </ClCompile>
    <ClCompile Include="opengl_renderer.cpp">
      <Filter>RayEngine\Render</Filter>
    </ClCompile>
    <ClCompile Include="embree_renderer.cpp">
      <Filter>RayEngine\Render</Filter>
    </ClCompile>
    <ClCompile Include="embree_optix_renderer.cpp">
      <Filter>RayEngine\Render</Filter>
    </ClCompile>
    <ClCompile Include="object.cpp">
      <Filter>RayEngine\Scene</Filter>
    </ClCompile>
    <ClCompile Include="object_loader.cpp">
      <Filter>RayEngine\Scene</Filter>
    </ClCompile>
    <ClCompile Include="renderer.cpp">
      <Filter>RayEngine\Render</Filter>
    </ClCompile>
    <ClCompile Include="shading.cpp">
      <Filter>RayEngine\Render</Filter>
    </ClCompile>
    <ClCompile Include="shader.cpp">
      <Filter>RayEngine\Render</Filter>
    </ClCompile>
    <ClCompile Include="graphic.cpp">
      <Filter>RayEngine\Render</Filter>
    </ClCompile>
    <ClCompile Include="font.cpp">
      <Filter>RayEngine\Render</Filter>
    </ClCompile>
    <ClCompile Include="embree_handler.cpp">
      <Filter>RayEngine\Embree</Filter>
    </ClCompile>
    <ClCompile Include="optix_handler.cpp">
      <Filter>RayEngine\OptiX</Filter>
    </ClCompile>
    <ClCompile Include="rayengine.cpp">
      <Filter>RayEngine</Filter>
    </ClCompile>
    <ClCompile Include="rayengine.h">
      <Filter>RayEngine</Filter>
    </ClCompile>
    <ClCompile Include="window.cpp">
      <Filter>RayEngine</Filter>
    </ClCompile>
    <ClCompile Include="scene.cpp">
      <Filter>RayEngine\Scene</Filter>
    </ClCompile>
  </ItemGroup>
  <ItemGroup>
    <ClInclude Include="color.h">
      <Filter>RayEngine\Data</Filter>
    </ClInclude>
    <ClInclude Include="vec3.h">
      <Filter>RayEngine\Data</Filter>
    </ClInclude>
    <ClInclude Include="tiny_obj_loader.h">
      <Filter>RayEngine\TinyObjLoader</Filter>
    </ClInclude>
    <ClInclude Include="vec2.h">
      <Filter>RayEngine\Data</Filter>
    </ClInclude>
    <ClInclude Include="camera.h">
      <Filter>RayEngine\Scene</Filter>
    </ClInclude>
    <ClInclude Include="geometry.h">
      <Filter>RayEngine\Scene</Filter>
    </ClInclude>
    <ClInclude Include="object.h">
      <Filter>RayEngine\Scene</Filter>
    </ClInclude>
    <ClInclude Include="object_loader.h">
      <Filter>RayEngine\Scene</Filter>
    </ClInclude>
    <ClInclude Include="material.h">
      <Filter>RayEngine\Scene</Filter>
    </ClInclude>
    <ClInclude Include="triangle_mesh.h">
      <Filter>RayEngine\Scene</Filter>
    </ClInclude>
    <ClInclude Include="triangle_primitive.h">
      <Filter>RayEngine\Scene</Filter>
    </ClInclude>
    <ClInclude Include="renderer.h">
      <Filter>RayEngine\Render</Filter>
    </ClInclude>
    <ClInclude Include="shading.h">
      <Filter>RayEngine\Render</Filter>
    </ClInclude>
    <ClInclude Include="light.h">
      <Filter>RayEngine\Scene</Filter>
    </ClInclude>
    <ClInclude Include="font.h">
      <Filter>RayEngine\Render</Filter>
    </ClInclude>
    <ClInclude Include="graphic.h">
      <Filter>RayEngine\Render</Filter>
    </ClInclude>
    <ClInclude Include="shader.h">
      <Filter>RayEngine\Render</Filter>
    </ClInclude>
    <ClInclude Include="mat4x3.h">
      <Filter>RayEngine\Data</Filter>
    </ClInclude>
    <ClInclude Include="mat4x4.h">
      <Filter>RayEngine\Data</Filter>
    </ClInclude>
    <ClInclude Include="embree_handler.h">
      <Filter>RayEngine\Embree</Filter>
    </ClInclude>
    <ClInclude Include="optix_handler.h">
      <Filter>RayEngine\OptiX</Filter>
    </ClInclude>
    <ClInclude Include="common.h">
      <Filter>RayEngine</Filter>
    </ClInclude>
    <ClInclude Include="window.h">
      <Filter>RayEngine</Filter>
    </ClInclude>
    <ClInclude Include="scene.h">
      <Filter>RayEngine\Scene</Filter>
    </ClInclude>
  </ItemGroup>
  <ItemGroup>
    <Filter Include="RayEngine">
      <UniqueIdentifier>{aa2332fe-722c-4f23-bf0e-94447a6b07e7}</UniqueIdentifier>
    </Filter>
    <Filter Include="RayEngine\Embree">
      <UniqueIdentifier>{2184a981-3945-4409-a294-c0365900ecaa}</UniqueIdentifier>
    </Filter>
    <Filter Include="RayEngine\OptiX">
      <UniqueIdentifier>{a33cba2b-6159-47aa-b30d-e835b0bb151b}</UniqueIdentifier>
    </Filter>
    <Filter Include="RayEngine\OptiX\CUDA">
      <UniqueIdentifier>{98347d07-07d4-4e92-847b-4e232c0c4610}</UniqueIdentifier>
    </Filter>
    <Filter Include="RayEngine\Data">
      <UniqueIdentifier>{0983e3db-5867-485b-baf5-9927c2a71d15}</UniqueIdentifier>
    </Filter>
    <Filter Include="RayEngine\Render">
      <UniqueIdentifier>{0fe8e255-14e8-4d29-afc8-7786f04c9307}</UniqueIdentifier>
    </Filter>
    <Filter Include="RayEngine\Scene">
      <UniqueIdentifier>{a108bd94-9742-4aa9-a251-1a4801e40493}</UniqueIdentifier>
    </Filter>
    <Filter Include="RayEngine\TinyObjLoader">
      <UniqueIdentifier>{6be24712-5a84-460f-be8f-dff61e3d7897}</UniqueIdentifier>
    </Filter>
  </ItemGroup>
</Project>